// !$*UTF8*$!
{
	archiveVersion = 1;
	classes = {
	};
	objectVersion = 51;
	objects = {

/* Begin PBXBuildFile section */
		360ACF52240630BF006D4A22 /* homeViewController.swift in Sources */ = {isa = PBXBuildFile; fileRef = 360ACF51240630BF006D4A22 /* homeViewController.swift */; };
		360ACF5424065C58006D4A22 /* changePasswordViewController.swift in Sources */ = {isa = PBXBuildFile; fileRef = 360ACF5324065C58006D4A22 /* changePasswordViewController.swift */; };
		360ACF5724065E41006D4A22 /* RecipeTableViewCell.swift in Sources */ = {isa = PBXBuildFile; fileRef = 360ACF5524065E41006D4A22 /* RecipeTableViewCell.swift */; };
		360ACF5824065E41006D4A22 /* RecipeTableViewCell.xib in Resources */ = {isa = PBXBuildFile; fileRef = 360ACF5624065E41006D4A22 /* RecipeTableViewCell.xib */; };
		360ACF5A24069CE8006D4A22 /* myRecipeViewController.swift in Sources */ = {isa = PBXBuildFile; fileRef = 360ACF5924069CE8006D4A22 /* myRecipeViewController.swift */; };
		360ACF5C2406A0F9006D4A22 /* favoriteViewController.swift in Sources */ = {isa = PBXBuildFile; fileRef = 360ACF5B2406A0F9006D4A22 /* favoriteViewController.swift */; };
		3618329B240391E300ACE757 /* OTPViewController.swift in Sources */ = {isa = PBXBuildFile; fileRef = 3618329A240391E300ACE757 /* OTPViewController.swift */; };
		361C10942405289D009A84B0 /* profileViewController.swift in Sources */ = {isa = PBXBuildFile; fileRef = 361C10932405289D009A84B0 /* profileViewController.swift */; };
		362FE93724079EB7005B9696 /* HomeRecipe.swift in Sources */ = {isa = PBXBuildFile; fileRef = 362FE93624079EB7005B9696 /* HomeRecipe.swift */; };
		363BF05A240000DC00627917 /* forgetPasswordViewController.swift in Sources */ = {isa = PBXBuildFile; fileRef = 363BF059240000DC00627917 /* forgetPasswordViewController.swift */; };
		36F2C8A32407F19300992D2C /* Connection.swift in Sources */ = {isa = PBXBuildFile; fileRef = 36F2C8A22407F19300992D2C /* Connection.swift */; };
		36FCBEE023FD016F00427350 /* AppDelegate.swift in Sources */ = {isa = PBXBuildFile; fileRef = 36FCBEDF23FD016F00427350 /* AppDelegate.swift */; };
		36FCBEE223FD016F00427350 /* SceneDelegate.swift in Sources */ = {isa = PBXBuildFile; fileRef = 36FCBEE123FD016F00427350 /* SceneDelegate.swift */; };
		36FCBEE723FD016F00427350 /* Main.storyboard in Resources */ = {isa = PBXBuildFile; fileRef = 36FCBEE523FD016F00427350 /* Main.storyboard */; };
		36FCBEE923FD017200427350 /* Assets.xcassets in Resources */ = {isa = PBXBuildFile; fileRef = 36FCBEE823FD017200427350 /* Assets.xcassets */; };
		36FCBEEC23FD017200427350 /* LaunchScreen.storyboard in Resources */ = {isa = PBXBuildFile; fileRef = 36FCBEEA23FD017200427350 /* LaunchScreen.storyboard */; };
		36FCBEF423FD3AAD00427350 /* loginViewController.swift in Sources */ = {isa = PBXBuildFile; fileRef = 36FCBEF323FD3AAD00427350 /* loginViewController.swift */; };
		36FCBEF623FD6BAE00427350 /* registerViewController.swift in Sources */ = {isa = PBXBuildFile; fileRef = 36FCBEF523FD6BAE00427350 /* registerViewController.swift */; };
		BD65917751E8381DA28A987D /* Pods_Recipe_House.framework in Frameworks */ = {isa = PBXBuildFile; fileRef = 416045BDB440E29C8B12224C /* Pods_Recipe_House.framework */; };
/* End PBXBuildFile section */

/* Begin PBXFileReference section */
		360ACF51240630BF006D4A22 /* homeViewController.swift */ = {isa = PBXFileReference; lastKnownFileType = sourcecode.swift; path = homeViewController.swift; sourceTree = "<group>"; };
		360ACF5324065C58006D4A22 /* changePasswordViewController.swift */ = {isa = PBXFileReference; lastKnownFileType = sourcecode.swift; path = changePasswordViewController.swift; sourceTree = "<group>"; };
		360ACF5524065E41006D4A22 /* RecipeTableViewCell.swift */ = {isa = PBXFileReference; lastKnownFileType = sourcecode.swift; path = RecipeTableViewCell.swift; sourceTree = "<group>"; };
		360ACF5624065E41006D4A22 /* RecipeTableViewCell.xib */ = {isa = PBXFileReference; lastKnownFileType = file.xib; path = RecipeTableViewCell.xib; sourceTree = "<group>"; };
		360ACF5924069CE8006D4A22 /* myRecipeViewController.swift */ = {isa = PBXFileReference; lastKnownFileType = sourcecode.swift; path = myRecipeViewController.swift; sourceTree = "<group>"; };
		360ACF5B2406A0F9006D4A22 /* favoriteViewController.swift */ = {isa = PBXFileReference; lastKnownFileType = sourcecode.swift; path = favoriteViewController.swift; sourceTree = "<group>"; };
		3618329A240391E300ACE757 /* OTPViewController.swift */ = {isa = PBXFileReference; lastKnownFileType = sourcecode.swift; path = OTPViewController.swift; sourceTree = "<group>"; };
		361C10932405289D009A84B0 /* profileViewController.swift */ = {isa = PBXFileReference; lastKnownFileType = sourcecode.swift; path = profileViewController.swift; sourceTree = "<group>"; };
		362FE93624079EB7005B9696 /* HomeRecipe.swift */ = {isa = PBXFileReference; lastKnownFileType = sourcecode.swift; path = HomeRecipe.swift; sourceTree = "<group>"; };
		363BF059240000DC00627917 /* forgetPasswordViewController.swift */ = {isa = PBXFileReference; lastKnownFileType = sourcecode.swift; path = forgetPasswordViewController.swift; sourceTree = "<group>"; };
		36F2C8A22407F19300992D2C /* Connection.swift */ = {isa = PBXFileReference; lastKnownFileType = sourcecode.swift; path = Connection.swift; sourceTree = "<group>"; };
		36FCBEDC23FD016F00427350 /* Recipe House.app */ = {isa = PBXFileReference; explicitFileType = wrapper.application; includeInIndex = 0; path = "Recipe House.app"; sourceTree = BUILT_PRODUCTS_DIR; };
		36FCBEDF23FD016F00427350 /* AppDelegate.swift */ = {isa = PBXFileReference; lastKnownFileType = sourcecode.swift; path = AppDelegate.swift; sourceTree = "<group>"; };
		36FCBEE123FD016F00427350 /* SceneDelegate.swift */ = {isa = PBXFileReference; lastKnownFileType = sourcecode.swift; path = SceneDelegate.swift; sourceTree = "<group>"; };
		36FCBEE623FD016F00427350 /* Base */ = {isa = PBXFileReference; lastKnownFileType = file.storyboard; name = Base; path = Base.lproj/Main.storyboard; sourceTree = "<group>"; };
		36FCBEE823FD017200427350 /* Assets.xcassets */ = {isa = PBXFileReference; lastKnownFileType = folder.assetcatalog; path = Assets.xcassets; sourceTree = "<group>"; };
		36FCBEEB23FD017200427350 /* Base */ = {isa = PBXFileReference; lastKnownFileType = file.storyboard; name = Base; path = Base.lproj/LaunchScreen.storyboard; sourceTree = "<group>"; };
		36FCBEED23FD017200427350 /* Info.plist */ = {isa = PBXFileReference; lastKnownFileType = text.plist.xml; path = Info.plist; sourceTree = "<group>"; };
		36FCBEF323FD3AAD00427350 /* loginViewController.swift */ = {isa = PBXFileReference; lastKnownFileType = sourcecode.swift; path = loginViewController.swift; sourceTree = "<group>"; };
		36FCBEF523FD6BAE00427350 /* registerViewController.swift */ = {isa = PBXFileReference; lastKnownFileType = sourcecode.swift; path = registerViewController.swift; sourceTree = "<group>"; };
		416045BDB440E29C8B12224C /* Pods_Recipe_House.framework */ = {isa = PBXFileReference; explicitFileType = wrapper.framework; includeInIndex = 0; path = Pods_Recipe_House.framework; sourceTree = BUILT_PRODUCTS_DIR; };
		7E12CE91873162778DE2418F /* Pods-Recipe House.release.xcconfig */ = {isa = PBXFileReference; includeInIndex = 1; lastKnownFileType = text.xcconfig; name = "Pods-Recipe House.release.xcconfig"; path = "Target Support Files/Pods-Recipe House/Pods-Recipe House.release.xcconfig"; sourceTree = "<group>"; };
		F907FD109F8EEBCB58FD5DA0 /* Pods-Recipe House.debug.xcconfig */ = {isa = PBXFileReference; includeInIndex = 1; lastKnownFileType = text.xcconfig; name = "Pods-Recipe House.debug.xcconfig"; path = "Target Support Files/Pods-Recipe House/Pods-Recipe House.debug.xcconfig"; sourceTree = "<group>"; };
/* End PBXFileReference section */

/* Begin PBXFrameworksBuildPhase section */
		36FCBED923FD016F00427350 /* Frameworks */ = {
			isa = PBXFrameworksBuildPhase;
			buildActionMask = 2147483647;
			files = (
				BD65917751E8381DA28A987D /* Pods_Recipe_House.framework in Frameworks */,
			);
			runOnlyForDeploymentPostprocessing = 0;
		};
/* End PBXFrameworksBuildPhase section */

/* Begin PBXGroup section */
		363BF05823FFDE3500627917 /* model */ = {
			isa = PBXGroup;
			children = (
			);
			path = model;
			sourceTree = "<group>";
		};
		36FCBED323FD016F00427350 = {
			isa = PBXGroup;
			children = (
				36FCBEDE23FD016F00427350 /* Recipe House */,
				36FCBEDD23FD016F00427350 /* Products */,
				F5309951AE2BF74AC13E9D63 /* Pods */,
				D4ECC4909749B1D70995AB8D /* Frameworks */,
			);
			sourceTree = "<group>";
		};
		36FCBEDD23FD016F00427350 /* Products */ = {
			isa = PBXGroup;
			children = (
				36FCBEDC23FD016F00427350 /* Recipe House.app */,
			);
			name = Products;
			sourceTree = "<group>";
		};
		36FCBEDE23FD016F00427350 /* Recipe House */ = {
			isa = PBXGroup;
			children = (
				363BF05823FFDE3500627917 /* model */,
				36FCBEDF23FD016F00427350 /* AppDelegate.swift */,
				36F2C8A22407F19300992D2C /* Connection.swift */,
				362FE93624079EB7005B9696 /* HomeRecipe.swift */,
				360ACF5624065E41006D4A22 /* RecipeTableViewCell.xib */,
				360ACF5524065E41006D4A22 /* RecipeTableViewCell.swift */,
				36FCBEF323FD3AAD00427350 /* loginViewController.swift */,
				36FCBEF523FD6BAE00427350 /* registerViewController.swift */,
				363BF059240000DC00627917 /* forgetPasswordViewController.swift */,
				3618329A240391E300ACE757 /* OTPViewController.swift */,
				360ACF51240630BF006D4A22 /* homeViewController.swift */,
				360ACF5924069CE8006D4A22 /* myRecipeViewController.swift */,
				360ACF5B2406A0F9006D4A22 /* favoriteViewController.swift */,
				361C10932405289D009A84B0 /* profileViewController.swift */,
				360ACF5324065C58006D4A22 /* changePasswordViewController.swift */,
				36FCBEE123FD016F00427350 /* SceneDelegate.swift */,
				36FCBEE523FD016F00427350 /* Main.storyboard */,
				36FCBEE823FD017200427350 /* Assets.xcassets */,
				36FCBEEA23FD017200427350 /* LaunchScreen.storyboard */,
				36FCBEED23FD017200427350 /* Info.plist */,
			);
			path = "Recipe House";
			sourceTree = "<group>";
		};
		D4ECC4909749B1D70995AB8D /* Frameworks */ = {
			isa = PBXGroup;
			children = (
				416045BDB440E29C8B12224C /* Pods_Recipe_House.framework */,
			);
			name = Frameworks;
			sourceTree = "<group>";
		};
		F5309951AE2BF74AC13E9D63 /* Pods */ = {
			isa = PBXGroup;
			children = (
				F907FD109F8EEBCB58FD5DA0 /* Pods-Recipe House.debug.xcconfig */,
				7E12CE91873162778DE2418F /* Pods-Recipe House.release.xcconfig */,
			);
			path = Pods;
			sourceTree = "<group>";
		};
/* End PBXGroup section */

/* Begin PBXNativeTarget section */
		36FCBEDB23FD016F00427350 /* Recipe House */ = {
			isa = PBXNativeTarget;
			buildConfigurationList = 36FCBEF023FD017200427350 /* Build configuration list for PBXNativeTarget "Recipe House" */;
			buildPhases = (
				21DCC0A9B9F38055E08C6458 /* [CP] Check Pods Manifest.lock */,
				36FCBED823FD016F00427350 /* Sources */,
				36FCBED923FD016F00427350 /* Frameworks */,
				36FCBEDA23FD016F00427350 /* Resources */,
				07C671848029CAA116360038 /* [CP] Embed Pods Frameworks */,
			);
			buildRules = (
			);
			dependencies = (
			);
			name = "Recipe House";
			productName = "Recipe House";
			productReference = 36FCBEDC23FD016F00427350 /* Recipe House.app */;
			productType = "com.apple.product-type.application";
		};
/* End PBXNativeTarget section */

/* Begin PBXProject section */
		36FCBED423FD016F00427350 /* Project object */ = {
			isa = PBXProject;
			attributes = {
				LastSwiftUpdateCheck = 1130;
				LastUpgradeCheck = 1130;
				ORGANIZATIONNAME = "Ajay Vandra";
				TargetAttributes = {
					36FCBEDB23FD016F00427350 = {
						CreatedOnToolsVersion = 11.3;
					};
				};
			};
			buildConfigurationList = 36FCBED723FD016F00427350 /* Build configuration list for PBXProject "Recipe House" */;
			compatibilityVersion = "Xcode 9.3";
			developmentRegion = en;
			hasScannedForEncodings = 0;
			knownRegions = (
				en,
				Base,
			);
			mainGroup = 36FCBED323FD016F00427350;
			productRefGroup = 36FCBEDD23FD016F00427350 /* Products */;
			projectDirPath = "";
			projectRoot = "";
			targets = (
				36FCBEDB23FD016F00427350 /* Recipe House */,
			);
		};
/* End PBXProject section */

/* Begin PBXResourcesBuildPhase section */
		36FCBEDA23FD016F00427350 /* Resources */ = {
			isa = PBXResourcesBuildPhase;
			buildActionMask = 2147483647;
			files = (
				36FCBEEC23FD017200427350 /* LaunchScreen.storyboard in Resources */,
				36FCBEE923FD017200427350 /* Assets.xcassets in Resources */,
				36FCBEE723FD016F00427350 /* Main.storyboard in Resources */,
				360ACF5824065E41006D4A22 /* RecipeTableViewCell.xib in Resources */,
			);
			runOnlyForDeploymentPostprocessing = 0;
		};
/* End PBXResourcesBuildPhase section */

/* Begin PBXShellScriptBuildPhase section */
		07C671848029CAA116360038 /* [CP] Embed Pods Frameworks */ = {
			isa = PBXShellScriptBuildPhase;
			buildActionMask = 2147483647;
			files = (
			);
			inputFileListPaths = (
				"${PODS_ROOT}/Target Support Files/Pods-Recipe House/Pods-Recipe House-frameworks-${CONFIGURATION}-input-files.xcfilelist",
			);
			name = "[CP] Embed Pods Frameworks";
			outputFileListPaths = (
				"${PODS_ROOT}/Target Support Files/Pods-Recipe House/Pods-Recipe House-frameworks-${CONFIGURATION}-output-files.xcfilelist",
			);
			runOnlyForDeploymentPostprocessing = 0;
			shellPath = /bin/sh;
			shellScript = "\"${PODS_ROOT}/Target Support Files/Pods-Recipe House/Pods-Recipe House-frameworks.sh\"\n";
			showEnvVarsInLog = 0;
		};
		21DCC0A9B9F38055E08C6458 /* [CP] Check Pods Manifest.lock */ = {
			isa = PBXShellScriptBuildPhase;
			buildActionMask = 2147483647;
			files = (
			);
			inputFileListPaths = (
			);
			inputPaths = (
				"${PODS_PODFILE_DIR_PATH}/Podfile.lock",
				"${PODS_ROOT}/Manifest.lock",
			);
			name = "[CP] Check Pods Manifest.lock";
			outputFileListPaths = (
			);
			outputPaths = (
				"$(DERIVED_FILE_DIR)/Pods-Recipe House-checkManifestLockResult.txt",
			);
			runOnlyForDeploymentPostprocessing = 0;
			shellPath = /bin/sh;
			shellScript = "diff \"${PODS_PODFILE_DIR_PATH}/Podfile.lock\" \"${PODS_ROOT}/Manifest.lock\" > /dev/null\nif [ $? != 0 ] ; then\n    # print error to STDERR\n    echo \"error: The sandbox is not in sync with the Podfile.lock. Run 'pod install' or update your CocoaPods installation.\" >&2\n    exit 1\nfi\n# This output is used by Xcode 'outputs' to avoid re-running this script phase.\necho \"SUCCESS\" > \"${SCRIPT_OUTPUT_FILE_0}\"\n";
			showEnvVarsInLog = 0;
		};
/* End PBXShellScriptBuildPhase section */

/* Begin PBXSourcesBuildPhase section */
		36FCBED823FD016F00427350 /* Sources */ = {
			isa = PBXSourcesBuildPhase;
			buildActionMask = 2147483647;
			files = (
				360ACF5424065C58006D4A22 /* changePasswordViewController.swift in Sources */,
				360ACF5A24069CE8006D4A22 /* myRecipeViewController.swift in Sources */,
				360ACF5C2406A0F9006D4A22 /* favoriteViewController.swift in Sources */,
				360ACF5724065E41006D4A22 /* RecipeTableViewCell.swift in Sources */,
				36FCBEF423FD3AAD00427350 /* loginViewController.swift in Sources */,
				36FCBEE023FD016F00427350 /* AppDelegate.swift in Sources */,
				361C10942405289D009A84B0 /* profileViewController.swift in Sources */,
				360ACF52240630BF006D4A22 /* homeViewController.swift in Sources */,
				36FCBEE223FD016F00427350 /* SceneDelegate.swift in Sources */,
				36FCBEF623FD6BAE00427350 /* registerViewController.swift in Sources */,
				362FE93724079EB7005B9696 /* HomeRecipe.swift in Sources */,
				363BF05A240000DC00627917 /* forgetPasswordViewController.swift in Sources */,
				3618329B240391E300ACE757 /* OTPViewController.swift in Sources */,
				36F2C8A32407F19300992D2C /* Connection.swift in Sources */,
			);
			runOnlyForDeploymentPostprocessing = 0;
		};
/* End PBXSourcesBuildPhase section */

/* Begin PBXVariantGroup section */
		36FCBEE523FD016F00427350 /* Main.storyboard */ = {
			isa = PBXVariantGroup;
			children = (
				36FCBEE623FD016F00427350 /* Base */,
			);
			name = Main.storyboard;
			sourceTree = "<group>";
		};
		36FCBEEA23FD017200427350 /* LaunchScreen.storyboard */ = {
			isa = PBXVariantGroup;
			children = (
				36FCBEEB23FD017200427350 /* Base */,
			);
			name = LaunchScreen.storyboard;
			sourceTree = "<group>";
		};
/* End PBXVariantGroup section */

/* Begin XCBuildConfiguration section */
		36FCBEEE23FD017200427350 /* Debug */ = {
			isa = XCBuildConfiguration;
			buildSettings = {
				ALWAYS_SEARCH_USER_PATHS = NO;
				CLANG_ANALYZER_NONNULL = YES;
				CLANG_ANALYZER_NUMBER_OBJECT_CONVERSION = YES_AGGRESSIVE;
				CLANG_CXX_LANGUAGE_STANDARD = "gnu++14";
				CLANG_CXX_LIBRARY = "libc++";
				CLANG_ENABLE_MODULES = YES;
				CLANG_ENABLE_OBJC_ARC = YES;
				CLANG_ENABLE_OBJC_WEAK = YES;
				CLANG_WARN_BLOCK_CAPTURE_AUTORELEASING = YES;
				CLANG_WARN_BOOL_CONVERSION = YES;
				CLANG_WARN_COMMA = YES;
				CLANG_WARN_CONSTANT_CONVERSION = YES;
				CLANG_WARN_DEPRECATED_OBJC_IMPLEMENTATIONS = YES;
				CLANG_WARN_DIRECT_OBJC_ISA_USAGE = YES_ERROR;
				CLANG_WARN_DOCUMENTATION_COMMENTS = YES;
				CLANG_WARN_EMPTY_BODY = YES;
				CLANG_WARN_ENUM_CONVERSION = YES;
				CLANG_WARN_INFINITE_RECURSION = YES;
				CLANG_WARN_INT_CONVERSION = YES;
				CLANG_WARN_NON_LITERAL_NULL_CONVERSION = YES;
				CLANG_WARN_OBJC_IMPLICIT_RETAIN_SELF = YES;
				CLANG_WARN_OBJC_LITERAL_CONVERSION = YES;
				CLANG_WARN_OBJC_ROOT_CLASS = YES_ERROR;
				CLANG_WARN_RANGE_LOOP_ANALYSIS = YES;
				CLANG_WARN_STRICT_PROTOTYPES = YES;
				CLANG_WARN_SUSPICIOUS_MOVE = YES;
				CLANG_WARN_UNGUARDED_AVAILABILITY = YES_AGGRESSIVE;
				CLANG_WARN_UNREACHABLE_CODE = YES;
				CLANG_WARN__DUPLICATE_METHOD_MATCH = YES;
				COPY_PHASE_STRIP = NO;
				DEBUG_INFORMATION_FORMAT = dwarf;
				ENABLE_STRICT_OBJC_MSGSEND = YES;
				ENABLE_TESTABILITY = YES;
				GCC_C_LANGUAGE_STANDARD = gnu11;
				GCC_DYNAMIC_NO_PIC = NO;
				GCC_NO_COMMON_BLOCKS = YES;
				GCC_OPTIMIZATION_LEVEL = 0;
				GCC_PREPROCESSOR_DEFINITIONS = (
					"DEBUG=1",
					"$(inherited)",
				);
				GCC_WARN_64_TO_32_BIT_CONVERSION = YES;
				GCC_WARN_ABOUT_RETURN_TYPE = YES_ERROR;
				GCC_WARN_UNDECLARED_SELECTOR = YES;
				GCC_WARN_UNINITIALIZED_AUTOS = YES_AGGRESSIVE;
				GCC_WARN_UNUSED_FUNCTION = YES;
				GCC_WARN_UNUSED_VARIABLE = YES;
				IPHONEOS_DEPLOYMENT_TARGET = 13.2;
				MTL_ENABLE_DEBUG_INFO = INCLUDE_SOURCE;
				MTL_FAST_MATH = YES;
				ONLY_ACTIVE_ARCH = YES;
				SDKROOT = iphoneos;
				SWIFT_ACTIVE_COMPILATION_CONDITIONS = DEBUG;
				SWIFT_OPTIMIZATION_LEVEL = "-Onone";
			};
			name = Debug;
		};
		36FCBEEF23FD017200427350 /* Release */ = {
			isa = XCBuildConfiguration;
			buildSettings = {
				ALWAYS_SEARCH_USER_PATHS = NO;
				CLANG_ANALYZER_NONNULL = YES;
				CLANG_ANALYZER_NUMBER_OBJECT_CONVERSION = YES_AGGRESSIVE;
				CLANG_CXX_LANGUAGE_STANDARD = "gnu++14";
				CLANG_CXX_LIBRARY = "libc++";
				CLANG_ENABLE_MODULES = YES;
				CLANG_ENABLE_OBJC_ARC = YES;
				CLANG_ENABLE_OBJC_WEAK = YES;
				CLANG_WARN_BLOCK_CAPTURE_AUTORELEASING = YES;
				CLANG_WARN_BOOL_CONVERSION = YES;
				CLANG_WARN_COMMA = YES;
				CLANG_WARN_CONSTANT_CONVERSION = YES;
				CLANG_WARN_DEPRECATED_OBJC_IMPLEMENTATIONS = YES;
				CLANG_WARN_DIRECT_OBJC_ISA_USAGE = YES_ERROR;
				CLANG_WARN_DOCUMENTATION_COMMENTS = YES;
				CLANG_WARN_EMPTY_BODY = YES;
				CLANG_WARN_ENUM_CONVERSION = YES;
				CLANG_WARN_INFINITE_RECURSION = YES;
				CLANG_WARN_INT_CONVERSION = YES;
				CLANG_WARN_NON_LITERAL_NULL_CONVERSION = YES;
				CLANG_WARN_OBJC_IMPLICIT_RETAIN_SELF = YES;
				CLANG_WARN_OBJC_LITERAL_CONVERSION = YES;
				CLANG_WARN_OBJC_ROOT_CLASS = YES_ERROR;
				CLANG_WARN_RANGE_LOOP_ANALYSIS = YES;
				CLANG_WARN_STRICT_PROTOTYPES = YES;
				CLANG_WARN_SUSPICIOUS_MOVE = YES;
				CLANG_WARN_UNGUARDED_AVAILABILITY = YES_AGGRESSIVE;
				CLANG_WARN_UNREACHABLE_CODE = YES;
				CLANG_WARN__DUPLICATE_METHOD_MATCH = YES;
				COPY_PHASE_STRIP = NO;
				DEBUG_INFORMATION_FORMAT = "dwarf-with-dsym";
				ENABLE_NS_ASSERTIONS = NO;
				ENABLE_STRICT_OBJC_MSGSEND = YES;
				GCC_C_LANGUAGE_STANDARD = gnu11;
				GCC_NO_COMMON_BLOCKS = YES;
				GCC_WARN_64_TO_32_BIT_CONVERSION = YES;
				GCC_WARN_ABOUT_RETURN_TYPE = YES_ERROR;
				GCC_WARN_UNDECLARED_SELECTOR = YES;
				GCC_WARN_UNINITIALIZED_AUTOS = YES_AGGRESSIVE;
				GCC_WARN_UNUSED_FUNCTION = YES;
				GCC_WARN_UNUSED_VARIABLE = YES;
				IPHONEOS_DEPLOYMENT_TARGET = 13.2;
				MTL_ENABLE_DEBUG_INFO = NO;
				MTL_FAST_MATH = YES;
				SDKROOT = iphoneos;
				SWIFT_COMPILATION_MODE = wholemodule;
				SWIFT_OPTIMIZATION_LEVEL = "-O";
				VALIDATE_PRODUCT = YES;
			};
			name = Release;
		};
		36FCBEF123FD017200427350 /* Debug */ = {
			isa = XCBuildConfiguration;
			baseConfigurationReference = F907FD109F8EEBCB58FD5DA0 /* Pods-Recipe House.debug.xcconfig */;
			buildSettings = {
				ASSETCATALOG_COMPILER_APPICON_NAME = AppIcon;
				CODE_SIGN_STYLE = Automatic;
				INFOPLIST_FILE = "Recipe House/Info.plist";
				LD_RUNPATH_SEARCH_PATHS = (
					"$(inherited)",
					"@executable_path/Frameworks",
				);
				PRODUCT_BUNDLE_IDENTIFIER = "com.saview.Recipe-House";
				PRODUCT_NAME = "$(TARGET_NAME)";
				SWIFT_VERSION = 5.0;
				TARGETED_DEVICE_FAMILY = "1,2";
			};
			name = Debug;
		};
		36FCBEF223FD017200427350 /* Release */ = {
			isa = XCBuildConfiguration;
			baseConfigurationReference = 7E12CE91873162778DE2418F /* Pods-Recipe House.release.xcconfig */;
			buildSettings = {
				ASSETCATALOG_COMPILER_APPICON_NAME = AppIcon;
				CODE_SIGN_STYLE = Automatic;
				INFOPLIST_FILE = "Recipe House/Info.plist";
				LD_RUNPATH_SEARCH_PATHS = (
					"$(inherited)",
					"@executable_path/Frameworks",
				);
				PRODUCT_BUNDLE_IDENTIFIER = "com.saview.Recipe-House";
				PRODUCT_NAME = "$(TARGET_NAME)";
				SWIFT_VERSION = 5.0;
				TARGETED_DEVICE_FAMILY = "1,2";
			};
			name = Release;
		};
/* End XCBuildConfiguration section */

/* Begin XCConfigurationList section */
		36FCBED723FD016F00427350 /* Build configuration list for PBXProject "Recipe House" */ = {
			isa = XCConfigurationList;
			buildConfigurations = (
				36FCBEEE23FD017200427350 /* Debug */,
				36FCBEEF23FD017200427350 /* Release */,
			);
			defaultConfigurationIsVisible = 0;
			defaultConfigurationName = Release;
		};
		36FCBEF023FD017200427350 /* Build configuration list for PBXNativeTarget "Recipe House" */ = {
			isa = XCConfigurationList;
			buildConfigurations = (
				36FCBEF123FD017200427350 /* Debug */,
				36FCBEF223FD017200427350 /* Release */,
			);
			defaultConfigurationIsVisible = 0;
			defaultConfigurationName = Release;
		};
/* End XCConfigurationList section */
	};
	rootObject = 36FCBED423FD016F00427350 /* Project object */;
}
